
Microsoft Visual Studio Solution File, Format Version 12.00
# Visual Studio Version 16
VisualStudioVersion = 16.0.30406.217
MinimumVisualStudioVersion = 10.0.40219.1
Project("{FAE04EC0-301F-11D3-BF4B-00C04F79EFBC}") = "MenuBuilder", "MenuBuilder\MenuBuilder.csproj", "{F6AED1C9-B5D1-46DF-A667-8931B2702968}"
EndProject
Project("{FAE04EC0-301F-11D3-BF4B-00C04F79EFBC}") = "MenuBuilder-Example", "MenuBuilder-Example\MenuBuilder-Example.csproj", "{DF53A8CA-1A30-427C-BB8A-503989314D9C}"
EndProject
Global
	GlobalSection(SolutionConfigurationPlatforms) = preSolution
		Debug|Any CPU = Debug|Any CPU
		Release|Any CPU = Release|Any CPU
	EndGlobalSection
	GlobalSection(ProjectConfigurationPlatforms) = postSolution
		{F6AED1C9-B5D1-46DF-A667-8931B2702968}.Debug|Any CPU.ActiveCfg = Debug|Any CPU
		{F6AED1C9-B5D1-46DF-A667-8931B2702968}.Debug|Any CPU.Build.0 = Debug|Any CPU
		{F6AED1C9-B5D1-46DF-A667-8931B2702968}.Release|Any CPU.ActiveCfg = Release|Any CPU
		{F6AED1C9-B5D1-46DF-A667-8931B2702968}.Release|Any CPU.Build.0 = Release|Any CPU
		{DF53A8CA-1A30-427C-BB8A-503989314D9C}.Debug|Any CPU.ActiveCfg = Debug|Any CPU
		{DF53A8CA-1A30-427C-BB8A-503989314D9C}.Debug|Any CPU.Build.0 = Debug|Any CPU
		{DF53A8CA-1A30-427C-BB8A-503989314D9C}.Release|Any CPU.ActiveCfg = Release|Any CPU
		{DF53A8CA-1A30-427C-BB8A-503989314D9C}.Release|Any CPU.Build.0 = Release|Any CPU
	EndGlobalSection
	GlobalSection(SolutionProperties) = preSolution
		HideSolutionNode = FALSE
	EndGlobalSection
	GlobalSection(ExtensibilityGlobals) = postSolution
		SolutionGuid = {B2464686-BF47-486F-8A29-BB15D0B48C30}
	EndGlobalSection
EndGlobal
